
Microsoft Visual Studio Solution File, Format Version 12.00
# Visual Studio Version 17
VisualStudioVersion = 17.11.35312.102
MinimumVisualStudioVersion = 10.0.40219.1
Project("{8BC9CEB8-8B4A-11D0-8D11-00A0C91BC942}") = "Testprsk", "Testprsk.vcxproj", "{FDBE5D98-A100-407C-9AF8-66518C21330A}"
EndProject
Global
	GlobalSection(SolutionConfigurationPlatforms) = preSolution
		Debug|x64 = Debug|x64
		Debug|x86 = Debug|x86
		Release|x64 = Release|x64
		Release|x86 = Release|x86
	EndGlobalSection
	GlobalSection(ProjectConfigurationPlatforms) = postSolution
		{FDBE5D98-A100-407C-9AF8-66518C21330A}.Debug|x64.ActiveCfg = Debug|x64
		{FDBE5D98-A100-407C-9AF8-66518C21330A}.Debug|x64.Build.0 = Debug|x64
		{FDBE5D98-A100-407C-9AF8-66518C21330A}.Debug|x86.ActiveCfg = Debug|Win32
		{FDBE5D98-A100-407C-9AF8-66518C21330A}.Debug|x86.Build.0 = Debug|Win32
		{FDBE5D98-A100-407C-9AF8-66518C21330A}.Release|x64.ActiveCfg = Release|x64
		{FDBE5D98-A100-407C-9AF8-66518C21330A}.Release|x64.Build.0 = Release|x64
		{FDBE5D98-A100-407C-9AF8-66518C21330A}.Release|x86.ActiveCfg = Release|Win32
		{FDBE5D98-A100-407C-9AF8-66518C21330A}.Release|x86.Build.0 = Release|Win32
	EndGlobalSection
	GlobalSection(SolutionProperties) = preSolution
		HideSolutionNode = FALSE
	EndGlobalSection
	GlobalSection(ExtensibilityGlobals) = postSolution
		SolutionGuid = {C59C5216-424B-4006-A9B5-DE875E69C43D}
	EndGlobalSection
EndGlobal
